// !$*UTF8*$!
{
	archiveVersion = 1;
	classes = {
	};
	objectVersion = 50;
	objects = {

/* Begin PBXBuildFile section */
		206FD306344FA48B05BF250A /* Pods_KYDrawerControllerSampleUITests.framework in Frameworks */ = {isa = PBXBuildFile; fileRef = CC40EDD5FAABBE74844E5302 /* Pods_KYDrawerControllerSampleUITests.framework */; };
		2F31F3EEAF884EF0804CED28 /* Pods_KYDrawerControllerSample.framework in Frameworks */ = {isa = PBXBuildFile; fileRef = 9D8F039C2A884D6737685432 /* Pods_KYDrawerControllerSample.framework */; };
		B594AB8DB6BBF7C8DE62FF07 /* Pods_KYDrawerControllerSampleTests.framework in Frameworks */ = {isa = PBXBuildFile; fileRef = 947BC6D3E65BA7B5688FCF7D /* Pods_KYDrawerControllerSampleTests.framework */; };
		DD52231321BF8C2A00B69FD3 /* AppDelegate.swift in Sources */ = {isa = PBXBuildFile; fileRef = DD52231221BF8C2A00B69FD3 /* AppDelegate.swift */; };
		DD52231521BF8C2A00B69FD3 /* ViewController.swift in Sources */ = {isa = PBXBuildFile; fileRef = DD52231421BF8C2A00B69FD3 /* ViewController.swift */; };
		DD52231821BF8C2A00B69FD3 /* Main.storyboard in Resources */ = {isa = PBXBuildFile; fileRef = DD52231621BF8C2A00B69FD3 /* Main.storyboard */; };
		DD52231A21BF8C2C00B69FD3 /* Assets.xcassets in Resources */ = {isa = PBXBuildFile; fileRef = DD52231921BF8C2C00B69FD3 /* Assets.xcassets */; };
		DD52231D21BF8C2C00B69FD3 /* LaunchScreen.storyboard in Resources */ = {isa = PBXBuildFile; fileRef = DD52231B21BF8C2C00B69FD3 /* LaunchScreen.storyboard */; };
		DD52232821BF8C2C00B69FD3 /* KYDrawerControllerSampleTests.swift in Sources */ = {isa = PBXBuildFile; fileRef = DD52232721BF8C2C00B69FD3 /* KYDrawerControllerSampleTests.swift */; };
		DD52233321BF8C2C00B69FD3 /* KYDrawerControllerSampleUITests.swift in Sources */ = {isa = PBXBuildFile; fileRef = DD52233221BF8C2C00B69FD3 /* KYDrawerControllerSampleUITests.swift */; };
		DD52234121BF8D6B00B69FD3 /* ViewController2.swift in Sources */ = {isa = PBXBuildFile; fileRef = DD52234021BF8D6B00B69FD3 /* ViewController2.swift */; };
		DD52234321BF8D7F00B69FD3 /* ViewController3.swift in Sources */ = {isa = PBXBuildFile; fileRef = DD52234221BF8D7F00B69FD3 /* ViewController3.swift */; };
		DD52234521BF8E5A00B69FD3 /* DrawerViewController.swift in Sources */ = {isa = PBXBuildFile; fileRef = DD52234421BF8E5A00B69FD3 /* DrawerViewController.swift */; };
		DD52234721BFCA6C00B69FD3 /* InitialViewController.swift in Sources */ = {isa = PBXBuildFile; fileRef = DD52234621BFCA6C00B69FD3 /* InitialViewController.swift */; };
		DD52234921BFD92900B69FD3 /* Utils.swift in Sources */ = {isa = PBXBuildFile; fileRef = DD52234821BFD92900B69FD3 /* Utils.swift */; };
/* End PBXBuildFile section */

/* Begin PBXContainerItemProxy section */
		DD52232421BF8C2C00B69FD3 /* PBXContainerItemProxy */ = {
			isa = PBXContainerItemProxy;
			containerPortal = DD52230721BF8C2A00B69FD3 /* Project object */;
			proxyType = 1;
			remoteGlobalIDString = DD52230E21BF8C2A00B69FD3;
			remoteInfo = KYDrawerControllerSample;
		};
		DD52232F21BF8C2C00B69FD3 /* PBXContainerItemProxy */ = {
			isa = PBXContainerItemProxy;
			containerPortal = DD52230721BF8C2A00B69FD3 /* Project object */;
			proxyType = 1;
			remoteGlobalIDString = DD52230E21BF8C2A00B69FD3;
			remoteInfo = KYDrawerControllerSample;
		};
/* End PBXContainerItemProxy section */

/* Begin PBXFileReference section */
		109BBF964996BC9EE19F5235 /* Pods-KYDrawerControllerSampleUITests.release.xcconfig */ = {isa = PBXFileReference; includeInIndex = 1; lastKnownFileType = text.xcconfig; name = "Pods-KYDrawerControllerSampleUITests.release.xcconfig"; path = "Pods/Target Support Files/Pods-KYDrawerControllerSampleUITests/Pods-KYDrawerControllerSampleUITests.release.xcconfig"; sourceTree = "<group>"; };
		466735047946598BBD99ECD1 /* Pods-KYDrawerControllerSampleTests.release.xcconfig */ = {isa = PBXFileReference; includeInIndex = 1; lastKnownFileType = text.xcconfig; name = "Pods-KYDrawerControllerSampleTests.release.xcconfig"; path = "Pods/Target Support Files/Pods-KYDrawerControllerSampleTests/Pods-KYDrawerControllerSampleTests.release.xcconfig"; sourceTree = "<group>"; };
		5F904006160308021A5F13B0 /* Pods-KYDrawerControllerSample.debug.xcconfig */ = {isa = PBXFileReference; includeInIndex = 1; lastKnownFileType = text.xcconfig; name = "Pods-KYDrawerControllerSample.debug.xcconfig"; path = "Pods/Target Support Files/Pods-KYDrawerControllerSample/Pods-KYDrawerControllerSample.debug.xcconfig"; sourceTree = "<group>"; };
		947BC6D3E65BA7B5688FCF7D /* Pods_KYDrawerControllerSampleTests.framework */ = {isa = PBXFileReference; explicitFileType = wrapper.framework; includeInIndex = 0; path = Pods_KYDrawerControllerSampleTests.framework; sourceTree = BUILT_PRODUCTS_DIR; };
		9D8F039C2A884D6737685432 /* Pods_KYDrawerControllerSample.framework */ = {isa = PBXFileReference; explicitFileType = wrapper.framework; includeInIndex = 0; path = Pods_KYDrawerControllerSample.framework; sourceTree = BUILT_PRODUCTS_DIR; };
		A0E2CD5D064B289EB307BD9D /* Pods-KYDrawerControllerSampleUITests.debug.xcconfig */ = {isa = PBXFileReference; includeInIndex = 1; lastKnownFileType = text.xcconfig; name = "Pods-KYDrawerControllerSampleUITests.debug.xcconfig"; path = "Pods/Target Support Files/Pods-KYDrawerControllerSampleUITests/Pods-KYDrawerControllerSampleUITests.debug.xcconfig"; sourceTree = "<group>"; };
		BB7EA815641F0441DDE3C9F0 /* Pods-KYDrawerControllerSampleTests.debug.xcconfig */ = {isa = PBXFileReference; includeInIndex = 1; lastKnownFileType = text.xcconfig; name = "Pods-KYDrawerControllerSampleTests.debug.xcconfig"; path = "Pods/Target Support Files/Pods-KYDrawerControllerSampleTests/Pods-KYDrawerControllerSampleTests.debug.xcconfig"; sourceTree = "<group>"; };
		CC40EDD5FAABBE74844E5302 /* Pods_KYDrawerControllerSampleUITests.framework */ = {isa = PBXFileReference; explicitFileType = wrapper.framework; includeInIndex = 0; path = Pods_KYDrawerControllerSampleUITests.framework; sourceTree = BUILT_PRODUCTS_DIR; };
		DCB21C2BA35311EC48704A5E /* Pods-KYDrawerControllerSample.release.xcconfig */ = {isa = PBXFileReference; includeInIndex = 1; lastKnownFileType = text.xcconfig; name = "Pods-KYDrawerControllerSample.release.xcconfig"; path = "Pods/Target Support Files/Pods-KYDrawerControllerSample/Pods-KYDrawerControllerSample.release.xcconfig"; sourceTree = "<group>"; };
		DD52230F21BF8C2A00B69FD3 /* KYDrawerControllerSample.app */ = {isa = PBXFileReference; explicitFileType = wrapper.application; includeInIndex = 0; path = KYDrawerControllerSample.app; sourceTree = BUILT_PRODUCTS_DIR; };
		DD52231221BF8C2A00B69FD3 /* AppDelegate.swift */ = {isa = PBXFileReference; lastKnownFileType = sourcecode.swift; path = AppDelegate.swift; sourceTree = "<group>"; };
		DD52231421BF8C2A00B69FD3 /* ViewController.swift */ = {isa = PBXFileReference; lastKnownFileType = sourcecode.swift; path = ViewController.swift; sourceTree = "<group>"; };
		DD52231721BF8C2A00B69FD3 /* Base */ = {isa = PBXFileReference; lastKnownFileType = file.storyboard; name = Base; path = Base.lproj/Main.storyboard; sourceTree = "<group>"; };
		DD52231921BF8C2C00B69FD3 /* Assets.xcassets */ = {isa = PBXFileReference; lastKnownFileType = folder.assetcatalog; path = Assets.xcassets; sourceTree = "<group>"; };
		DD52231C21BF8C2C00B69FD3 /* Base */ = {isa = PBXFileReference; lastKnownFileType = file.storyboard; name = Base; path = Base.lproj/LaunchScreen.storyboard; sourceTree = "<group>"; };
		DD52231E21BF8C2C00B69FD3 /* Info.plist */ = {isa = PBXFileReference; lastKnownFileType = text.plist.xml; path = Info.plist; sourceTree = "<group>"; };
		DD52232321BF8C2C00B69FD3 /* KYDrawerControllerSampleTests.xctest */ = {isa = PBXFileReference; explicitFileType = wrapper.cfbundle; includeInIndex = 0; path = KYDrawerControllerSampleTests.xctest; sourceTree = BUILT_PRODUCTS_DIR; };
		DD52232721BF8C2C00B69FD3 /* KYDrawerControllerSampleTests.swift */ = {isa = PBXFileReference; lastKnownFileType = sourcecode.swift; path = KYDrawerControllerSampleTests.swift; sourceTree = "<group>"; };
		DD52232921BF8C2C00B69FD3 /* Info.plist */ = {isa = PBXFileReference; lastKnownFileType = text.plist.xml; path = Info.plist; sourceTree = "<group>"; };
		DD52232E21BF8C2C00B69FD3 /* KYDrawerControllerSampleUITests.xctest */ = {isa = PBXFileReference; explicitFileType = wrapper.cfbundle; includeInIndex = 0; path = KYDrawerControllerSampleUITests.xctest; sourceTree = BUILT_PRODUCTS_DIR; };
		DD52233221BF8C2C00B69FD3 /* KYDrawerControllerSampleUITests.swift */ = {isa = PBXFileReference; lastKnownFileType = sourcecode.swift; path = KYDrawerControllerSampleUITests.swift; sourceTree = "<group>"; };
		DD52233421BF8C2C00B69FD3 /* Info.plist */ = {isa = PBXFileReference; lastKnownFileType = text.plist.xml; path = Info.plist; sourceTree = "<group>"; };
		DD52234021BF8D6B00B69FD3 /* ViewController2.swift */ = {isa = PBXFileReference; lastKnownFileType = sourcecode.swift; path = ViewController2.swift; sourceTree = "<group>"; };
		DD52234221BF8D7F00B69FD3 /* ViewController3.swift */ = {isa = PBXFileReference; lastKnownFileType = sourcecode.swift; path = ViewController3.swift; sourceTree = "<group>"; };
		DD52234421BF8E5A00B69FD3 /* DrawerViewController.swift */ = {isa = PBXFileReference; lastKnownFileType = sourcecode.swift; path = DrawerViewController.swift; sourceTree = "<group>"; };
		DD52234621BFCA6C00B69FD3 /* InitialViewController.swift */ = {isa = PBXFileReference; lastKnownFileType = sourcecode.swift; path = InitialViewController.swift; sourceTree = "<group>"; };
		DD52234821BFD92900B69FD3 /* Utils.swift */ = {isa = PBXFileReference; lastKnownFileType = sourcecode.swift; path = Utils.swift; sourceTree = "<group>"; };
/* End PBXFileReference section */

/* Begin PBXFrameworksBuildPhase section */
		DD52230C21BF8C2A00B69FD3 /* Frameworks */ = {
			isa = PBXFrameworksBuildPhase;
			buildActionMask = 2147483647;
			files = (
				2F31F3EEAF884EF0804CED28 /* Pods_KYDrawerControllerSample.framework in Frameworks */,
			);
			runOnlyForDeploymentPostprocessing = 0;
		};
		DD52232021BF8C2C00B69FD3 /* Frameworks */ = {
			isa = PBXFrameworksBuildPhase;
			buildActionMask = 2147483647;
			files = (
				B594AB8DB6BBF7C8DE62FF07 /* Pods_KYDrawerControllerSampleTests.framework in Frameworks */,
			);
			runOnlyForDeploymentPostprocessing = 0;
		};
		DD52232B21BF8C2C00B69FD3 /* Frameworks */ = {
			isa = PBXFrameworksBuildPhase;
			buildActionMask = 2147483647;
			files = (
				206FD306344FA48B05BF250A /* Pods_KYDrawerControllerSampleUITests.framework in Frameworks */,
			);
			runOnlyForDeploymentPostprocessing = 0;
		};
/* End PBXFrameworksBuildPhase section */

/* Begin PBXGroup section */
		39AB67BCF5D2F86C1CEDD603 /* Frameworks */ = {
			isa = PBXGroup;
			children = (
				9D8F039C2A884D6737685432 /* Pods_KYDrawerControllerSample.framework */,
				947BC6D3E65BA7B5688FCF7D /* Pods_KYDrawerControllerSampleTests.framework */,
				CC40EDD5FAABBE74844E5302 /* Pods_KYDrawerControllerSampleUITests.framework */,
			);
			name = Frameworks;
			sourceTree = "<group>";
		};
		4226D0F86A606EEFD68FF231 /* Pods */ = {
			isa = PBXGroup;
			children = (
				5F904006160308021A5F13B0 /* Pods-KYDrawerControllerSample.debug.xcconfig */,
				DCB21C2BA35311EC48704A5E /* Pods-KYDrawerControllerSample.release.xcconfig */,
				BB7EA815641F0441DDE3C9F0 /* Pods-KYDrawerControllerSampleTests.debug.xcconfig */,
				466735047946598BBD99ECD1 /* Pods-KYDrawerControllerSampleTests.release.xcconfig */,
				A0E2CD5D064B289EB307BD9D /* Pods-KYDrawerControllerSampleUITests.debug.xcconfig */,
				109BBF964996BC9EE19F5235 /* Pods-KYDrawerControllerSampleUITests.release.xcconfig */,
			);
			name = Pods;
			sourceTree = "<group>";
		};
		DD52230621BF8C2A00B69FD3 = {
			isa = PBXGroup;
			children = (
				DD52231121BF8C2A00B69FD3 /* KYDrawerControllerSample */,
				DD52232621BF8C2C00B69FD3 /* KYDrawerControllerSampleTests */,
				DD52233121BF8C2C00B69FD3 /* KYDrawerControllerSampleUITests */,
				DD52231021BF8C2A00B69FD3 /* Products */,
				4226D0F86A606EEFD68FF231 /* Pods */,
				39AB67BCF5D2F86C1CEDD603 /* Frameworks */,
			);
			sourceTree = "<group>";
		};
		DD52231021BF8C2A00B69FD3 /* Products */ = {
			isa = PBXGroup;
			children = (
				DD52230F21BF8C2A00B69FD3 /* KYDrawerControllerSample.app */,
				DD52232321BF8C2C00B69FD3 /* KYDrawerControllerSampleTests.xctest */,
				DD52232E21BF8C2C00B69FD3 /* KYDrawerControllerSampleUITests.xctest */,
			);
			name = Products;
			sourceTree = "<group>";
		};
		DD52231121BF8C2A00B69FD3 /* KYDrawerControllerSample */ = {
			isa = PBXGroup;
			children = (
				DD52231221BF8C2A00B69FD3 /* AppDelegate.swift */,
				DD52231421BF8C2A00B69FD3 /* ViewController.swift */,
				DD52231621BF8C2A00B69FD3 /* Main.storyboard */,
				DD52231921BF8C2C00B69FD3 /* Assets.xcassets */,
				DD52231B21BF8C2C00B69FD3 /* LaunchScreen.storyboard */,
				DD52231E21BF8C2C00B69FD3 /* Info.plist */,
				DD52234021BF8D6B00B69FD3 /* ViewController2.swift */,
				DD52234221BF8D7F00B69FD3 /* ViewController3.swift */,
				DD52234421BF8E5A00B69FD3 /* DrawerViewController.swift */,
				DD52234621BFCA6C00B69FD3 /* InitialViewController.swift */,
				DD52234821BFD92900B69FD3 /* Utils.swift */,
			);
			path = KYDrawerControllerSample;
			sourceTree = "<group>";
		};
		DD52232621BF8C2C00B69FD3 /* KYDrawerControllerSampleTests */ = {
			isa = PBXGroup;
			children = (
				DD52232721BF8C2C00B69FD3 /* KYDrawerControllerSampleTests.swift */,
				DD52232921BF8C2C00B69FD3 /* Info.plist */,
			);
			path = KYDrawerControllerSampleTests;
			sourceTree = "<group>";
		};
		DD52233121BF8C2C00B69FD3 /* KYDrawerControllerSampleUITests */ = {
			isa = PBXGroup;
			children = (
				DD52233221BF8C2C00B69FD3 /* KYDrawerControllerSampleUITests.swift */,
				DD52233421BF8C2C00B69FD3 /* Info.plist */,
			);
			path = KYDrawerControllerSampleUITests;
			sourceTree = "<group>";
		};
/* End PBXGroup section */

/* Begin PBXNativeTarget section */
		DD52230E21BF8C2A00B69FD3 /* KYDrawerControllerSample */ = {
			isa = PBXNativeTarget;
			buildConfigurationList = DD52233721BF8C2C00B69FD3 /* Build configuration list for PBXNativeTarget "KYDrawerControllerSample" */;
			buildPhases = (
				D5C6B9992A3124D9BEBB9FD6 /* [CP] Check Pods Manifest.lock */,
				DD52230B21BF8C2A00B69FD3 /* Sources */,
				DD52230C21BF8C2A00B69FD3 /* Frameworks */,
				DD52230D21BF8C2A00B69FD3 /* Resources */,
				0E2AA83333838DFAFCB2EC31 /* [CP] Embed Pods Frameworks */,
			);
			buildRules = (
			);
			dependencies = (
			);
			name = KYDrawerControllerSample;
			productName = KYDrawerControllerSample;
			productReference = DD52230F21BF8C2A00B69FD3 /* KYDrawerControllerSample.app */;
			productType = "com.apple.product-type.application";
		};
		DD52232221BF8C2C00B69FD3 /* KYDrawerControllerSampleTests */ = {
			isa = PBXNativeTarget;
			buildConfigurationList = DD52233A21BF8C2C00B69FD3 /* Build configuration list for PBXNativeTarget "KYDrawerControllerSampleTests" */;
			buildPhases = (
				8FFBC06E89994F9A8500280E /* [CP] Check Pods Manifest.lock */,
				DD52231F21BF8C2C00B69FD3 /* Sources */,
				DD52232021BF8C2C00B69FD3 /* Frameworks */,
				DD52232121BF8C2C00B69FD3 /* Resources */,
			);
			buildRules = (
			);
			dependencies = (
				DD52232521BF8C2C00B69FD3 /* PBXTargetDependency */,
			);
			name = KYDrawerControllerSampleTests;
			productName = KYDrawerControllerSampleTests;
			productReference = DD52232321BF8C2C00B69FD3 /* KYDrawerControllerSampleTests.xctest */;
			productType = "com.apple.product-type.bundle.unit-test";
		};
		DD52232D21BF8C2C00B69FD3 /* KYDrawerControllerSampleUITests */ = {
			isa = PBXNativeTarget;
			buildConfigurationList = DD52233D21BF8C2C00B69FD3 /* Build configuration list for PBXNativeTarget "KYDrawerControllerSampleUITests" */;
			buildPhases = (
				D09D044813628B24F4AF3180 /* [CP] Check Pods Manifest.lock */,
				DD52232A21BF8C2C00B69FD3 /* Sources */,
				DD52232B21BF8C2C00B69FD3 /* Frameworks */,
				DD52232C21BF8C2C00B69FD3 /* Resources */,
			);
			buildRules = (
			);
			dependencies = (
				DD52233021BF8C2C00B69FD3 /* PBXTargetDependency */,
			);
			name = KYDrawerControllerSampleUITests;
			productName = KYDrawerControllerSampleUITests;
			productReference = DD52232E21BF8C2C00B69FD3 /* KYDrawerControllerSampleUITests.xctest */;
			productType = "com.apple.product-type.bundle.ui-testing";
		};
/* End PBXNativeTarget section */

/* Begin PBXProject section */
		DD52230721BF8C2A00B69FD3 /* Project object */ = {
			isa = PBXProject;
			attributes = {
				LastSwiftUpdateCheck = 1010;
				LastUpgradeCheck = 1010;
				ORGANIZATIONNAME = AndroidRagger;
				TargetAttributes = {
					DD52230E21BF8C2A00B69FD3 = {
						CreatedOnToolsVersion = 10.1;
					};
					DD52232221BF8C2C00B69FD3 = {
						CreatedOnToolsVersion = 10.1;
						TestTargetID = DD52230E21BF8C2A00B69FD3;
					};
					DD52232D21BF8C2C00B69FD3 = {
						CreatedOnToolsVersion = 10.1;
						TestTargetID = DD52230E21BF8C2A00B69FD3;
					};
				};
			};
			buildConfigurationList = DD52230A21BF8C2A00B69FD3 /* Build configuration list for PBXProject "KYDrawerControllerSample" */;
			compatibilityVersion = "Xcode 9.3";
			developmentRegion = en;
			hasScannedForEncodings = 0;
			knownRegions = (
				en,
				Base,
			);
			mainGroup = DD52230621BF8C2A00B69FD3;
			productRefGroup = DD52231021BF8C2A00B69FD3 /* Products */;
			projectDirPath = "";
			projectRoot = "";
			targets = (
				DD52230E21BF8C2A00B69FD3 /* KYDrawerControllerSample */,
				DD52232221BF8C2C00B69FD3 /* KYDrawerControllerSampleTests */,
				DD52232D21BF8C2C00B69FD3 /* KYDrawerControllerSampleUITests */,
			);
		};
/* End PBXProject section */

/* Begin PBXResourcesBuildPhase section */
		DD52230D21BF8C2A00B69FD3 /* Resources */ = {
			isa = PBXResourcesBuildPhase;
			buildActionMask = 2147483647;
			files = (
				DD52231D21BF8C2C00B69FD3 /* LaunchScreen.storyboard in Resources */,
				DD52231A21BF8C2C00B69FD3 /* Assets.xcassets in Resources */,
				DD52231821BF8C2A00B69FD3 /* Main.storyboard in Resources */,
			);
			runOnlyForDeploymentPostprocessing = 0;
		};
		DD52232121BF8C2C00B69FD3 /* Resources */ = {
			isa = PBXResourcesBuildPhase;
			buildActionMask = 2147483647;
			files = (
			);
			runOnlyForDeploymentPostprocessing = 0;
		};
		DD52232C21BF8C2C00B69FD3 /* Resources */ = {
			isa = PBXResourcesBuildPhase;
			buildActionMask = 2147483647;
			files = (
			);
			runOnlyForDeploymentPostprocessing = 0;
		};
/* End PBXResourcesBuildPhase section */

/* Begin PBXShellScriptBuildPhase section */
		0E2AA83333838DFAFCB2EC31 /* [CP] Embed Pods Frameworks */ = {
			isa = PBXShellScriptBuildPhase;
			buildActionMask = 2147483647;
			files = (
			);
			inputFileListPaths = (
			);
			inputPaths = (
				"${SRCROOT}/Pods/Target Support Files/Pods-KYDrawerControllerSample/Pods-KYDrawerControllerSample-frameworks.sh",
				"${BUILT_PRODUCTS_DIR}/KYDrawerController/KYDrawerController.framework",
			);
			name = "[CP] Embed Pods Frameworks";
			outputFileListPaths = (
			);
			outputPaths = (
				"${TARGET_BUILD_DIR}/${FRAMEWORKS_FOLDER_PATH}/KYDrawerController.framework",
			);
			runOnlyForDeploymentPostprocessing = 0;
			shellPath = /bin/sh;
			shellScript = "\"${SRCROOT}/Pods/Target Support Files/Pods-KYDrawerControllerSample/Pods-KYDrawerControllerSample-frameworks.sh\"\n";
			showEnvVarsInLog = 0;
		};
		8FFBC06E89994F9A8500280E /* [CP] Check Pods Manifest.lock */ = {
			isa = PBXShellScriptBuildPhase;
			buildActionMask = 2147483647;
			files = (
			);
			inputFileListPaths = (
			);
			inputPaths = (
				"${PODS_PODFILE_DIR_PATH}/Podfile.lock",
				"${PODS_ROOT}/Manifest.lock",
			);
			name = "[CP] Check Pods Manifest.lock";
			outputFileListPaths = (
			);
			outputPaths = (
				"$(DERIVED_FILE_DIR)/Pods-KYDrawerControllerSampleTests-checkManifestLockResult.txt",
			);
			runOnlyForDeploymentPostprocessing = 0;
			shellPath = /bin/sh;
			shellScript = "diff \"${PODS_PODFILE_DIR_PATH}/Podfile.lock\" \"${PODS_ROOT}/Manifest.lock\" > /dev/null\nif [ $? != 0 ] ; then\n    # print error to STDERR\n    echo \"error: The sandbox is not in sync with the Podfile.lock. Run 'pod install' or update your CocoaPods installation.\" >&2\n    exit 1\nfi\n# This output is used by Xcode 'outputs' to avoid re-running this script phase.\necho \"SUCCESS\" > \"${SCRIPT_OUTPUT_FILE_0}\"\n";
			showEnvVarsInLog = 0;
		};
		D09D044813628B24F4AF3180 /* [CP] Check Pods Manifest.lock */ = {
			isa = PBXShellScriptBuildPhase;
			buildActionMask = 2147483647;
			files = (
			);
			inputFileListPaths = (
			);
			inputPaths = (
				"${PODS_PODFILE_DIR_PATH}/Podfile.lock",
				"${PODS_ROOT}/Manifest.lock",
			);
			name = "[CP] Check Pods Manifest.lock";
			outputFileListPaths = (
			);
			outputPaths = (
				"$(DERIVED_FILE_DIR)/Pods-KYDrawerControllerSampleUITests-checkManifestLockResult.txt",
			);
			runOnlyForDeploymentPostprocessing = 0;
			shellPath = /bin/sh;
			shellScript = "diff \"${PODS_PODFILE_DIR_PATH}/Podfile.lock\" \"${PODS_ROOT}/Manifest.lock\" > /dev/null\nif [ $? != 0 ] ; then\n    # print error to STDERR\n    echo \"error: The sandbox is not in sync with the Podfile.lock. Run 'pod install' or update your CocoaPods installation.\" >&2\n    exit 1\nfi\n# This output is used by Xcode 'outputs' to avoid re-running this script phase.\necho \"SUCCESS\" > \"${SCRIPT_OUTPUT_FILE_0}\"\n";
			showEnvVarsInLog = 0;
		};
		D5C6B9992A3124D9BEBB9FD6 /* [CP] Check Pods Manifest.lock */ = {
			isa = PBXShellScriptBuildPhase;
			buildActionMask = 2147483647;
			files = (
			);
			inputFileListPaths = (
			);
			inputPaths = (
				"${PODS_PODFILE_DIR_PATH}/Podfile.lock",
				"${PODS_ROOT}/Manifest.lock",
			);
			name = "[CP] Check Pods Manifest.lock";
			outputFileListPaths = (
			);
			outputPaths = (
				"$(DERIVED_FILE_DIR)/Pods-KYDrawerControllerSample-checkManifestLockResult.txt",
			);
			runOnlyForDeploymentPostprocessing = 0;
			shellPath = /bin/sh;
			shellScript = "diff \"${PODS_PODFILE_DIR_PATH}/Podfile.lock\" \"${PODS_ROOT}/Manifest.lock\" > /dev/null\nif [ $? != 0 ] ; then\n    # print error to STDERR\n    echo \"error: The sandbox is not in sync with the Podfile.lock. Run 'pod install' or update your CocoaPods installation.\" >&2\n    exit 1\nfi\n# This output is used by Xcode 'outputs' to avoid re-running this script phase.\necho \"SUCCESS\" > \"${SCRIPT_OUTPUT_FILE_0}\"\n";
			showEnvVarsInLog = 0;
		};
/* End PBXShellScriptBuildPhase section */

/* Begin PBXSourcesBuildPhase section */
		DD52230B21BF8C2A00B69FD3 /* Sources */ = {
			isa = PBXSourcesBuildPhase;
			buildActionMask = 2147483647;
			files = (
				DD52231521BF8C2A00B69FD3 /* ViewController.swift in Sources */,
				DD52234521BF8E5A00B69FD3 /* DrawerViewController.swift in Sources */,
				DD52231321BF8C2A00B69FD3 /* AppDelegate.swift in Sources */,
				DD52234921BFD92900B69FD3 /* Utils.swift in Sources */,
				DD52234721BFCA6C00B69FD3 /* InitialViewController.swift in Sources */,
				DD52234321BF8D7F00B69FD3 /* ViewController3.swift in Sources */,
				DD52234121BF8D6B00B69FD3 /* ViewController2.swift in Sources */,
			);
			runOnlyForDeploymentPostprocessing = 0;
		};
		DD52231F21BF8C2C00B69FD3 /* Sources */ = {
			isa = PBXSourcesBuildPhase;
			buildActionMask = 2147483647;
			files = (
				DD52232821BF8C2C00B69FD3 /* KYDrawerControllerSampleTests.swift in Sources */,
			);
			runOnlyForDeploymentPostprocessing = 0;
		};
		DD52232A21BF8C2C00B69FD3 /* Sources */ = {
			isa = PBXSourcesBuildPhase;
			buildActionMask = 2147483647;
			files = (
				DD52233321BF8C2C00B69FD3 /* KYDrawerControllerSampleUITests.swift in Sources */,
			);
			runOnlyForDeploymentPostprocessing = 0;
		};
/* End PBXSourcesBuildPhase section */

/* Begin PBXTargetDependency section */
		DD52232521BF8C2C00B69FD3 /* PBXTargetDependency */ = {
			isa = PBXTargetDependency;
			target = DD52230E21BF8C2A00B69FD3 /* KYDrawerControllerSample */;
			targetProxy = DD52232421BF8C2C00B69FD3 /* PBXContainerItemProxy */;
		};
		DD52233021BF8C2C00B69FD3 /* PBXTargetDependency */ = {
			isa = PBXTargetDependency;
			target = DD52230E21BF8C2A00B69FD3 /* KYDrawerControllerSample */;
			targetProxy = DD52232F21BF8C2C00B69FD3 /* PBXContainerItemProxy */;
		};
/* End PBXTargetDependency section */

/* Begin PBXVariantGroup section */
		DD52231621BF8C2A00B69FD3 /* Main.storyboard */ = {
			isa = PBXVariantGroup;
			children = (
				DD52231721BF8C2A00B69FD3 /* Base */,
			);
			name = Main.storyboard;
			sourceTree = "<group>";
		};
		DD52231B21BF8C2C00B69FD3 /* LaunchScreen.storyboard */ = {
			isa = PBXVariantGroup;
			children = (
				DD52231C21BF8C2C00B69FD3 /* Base */,
			);
			name = LaunchScreen.storyboard;
			sourceTree = "<group>";
		};
/* End PBXVariantGroup section */

/* Begin XCBuildConfiguration section */
		DD52233521BF8C2C00B69FD3 /* Debug */ = {
			isa = XCBuildConfiguration;
			buildSettings = {
				ALWAYS_SEARCH_USER_PATHS = NO;
				CLANG_ANALYZER_NONNULL = YES;
				CLANG_ANALYZER_NUMBER_OBJECT_CONVERSION = YES_AGGRESSIVE;
				CLANG_CXX_LANGUAGE_STANDARD = "gnu++14";
				CLANG_CXX_LIBRARY = "libc++";
				CLANG_ENABLE_MODULES = YES;
				CLANG_ENABLE_OBJC_ARC = YES;
				CLANG_ENABLE_OBJC_WEAK = YES;
				CLANG_WARN_BLOCK_CAPTURE_AUTORELEASING = YES;
				CLANG_WARN_BOOL_CONVERSION = YES;
				CLANG_WARN_COMMA = YES;
				CLANG_WARN_CONSTANT_CONVERSION = YES;
				CLANG_WARN_DEPRECATED_OBJC_IMPLEMENTATIONS = YES;
				CLANG_WARN_DIRECT_OBJC_ISA_USAGE = YES_ERROR;
				CLANG_WARN_DOCUMENTATION_COMMENTS = YES;
				CLANG_WARN_EMPTY_BODY = YES;
				CLANG_WARN_ENUM_CONVERSION = YES;
				CLANG_WARN_INFINITE_RECURSION = YES;
				CLANG_WARN_INT_CONVERSION = YES;
				CLANG_WARN_NON_LITERAL_NULL_CONVERSION = YES;
				CLANG_WARN_OBJC_IMPLICIT_RETAIN_SELF = YES;
				CLANG_WARN_OBJC_LITERAL_CONVERSION = YES;
				CLANG_WARN_OBJC_ROOT_CLASS = YES_ERROR;
				CLANG_WARN_RANGE_LOOP_ANALYSIS = YES;
				CLANG_WARN_STRICT_PROTOTYPES = YES;
				CLANG_WARN_SUSPICIOUS_MOVE = YES;
				CLANG_WARN_UNGUARDED_AVAILABILITY = YES_AGGRESSIVE;
				CLANG_WARN_UNREACHABLE_CODE = YES;
				CLANG_WARN__DUPLICATE_METHOD_MATCH = YES;
				CODE_SIGN_IDENTITY = "iPhone Developer";
				COPY_PHASE_STRIP = NO;
				DEBUG_INFORMATION_FORMAT = dwarf;
				ENABLE_STRICT_OBJC_MSGSEND = YES;
				ENABLE_TESTABILITY = YES;
				GCC_C_LANGUAGE_STANDARD = gnu11;
				GCC_DYNAMIC_NO_PIC = NO;
				GCC_NO_COMMON_BLOCKS = YES;
				GCC_OPTIMIZATION_LEVEL = 0;
				GCC_PREPROCESSOR_DEFINITIONS = (
					"DEBUG=1",
					"$(inherited)",
				);
				GCC_WARN_64_TO_32_BIT_CONVERSION = YES;
				GCC_WARN_ABOUT_RETURN_TYPE = YES_ERROR;
				GCC_WARN_UNDECLARED_SELECTOR = YES;
				GCC_WARN_UNINITIALIZED_AUTOS = YES_AGGRESSIVE;
				GCC_WARN_UNUSED_FUNCTION = YES;
				GCC_WARN_UNUSED_VARIABLE = YES;
				IPHONEOS_DEPLOYMENT_TARGET = 12.1;
				MTL_ENABLE_DEBUG_INFO = INCLUDE_SOURCE;
				MTL_FAST_MATH = YES;
				ONLY_ACTIVE_ARCH = YES;
				SDKROOT = iphoneos;
				SWIFT_ACTIVE_COMPILATION_CONDITIONS = DEBUG;
				SWIFT_OPTIMIZATION_LEVEL = "-Onone";
			};
			name = Debug;
		};
		DD52233621BF8C2C00B69FD3 /* Release */ = {
			isa = XCBuildConfiguration;
			buildSettings = {
				ALWAYS_SEARCH_USER_PATHS = NO;
				CLANG_ANALYZER_NONNULL = YES;
				CLANG_ANALYZER_NUMBER_OBJECT_CONVERSION = YES_AGGRESSIVE;
				CLANG_CXX_LANGUAGE_STANDARD = "gnu++14";
				CLANG_CXX_LIBRARY = "libc++";
				CLANG_ENABLE_MODULES = YES;
				CLANG_ENABLE_OBJC_ARC = YES;
				CLANG_ENABLE_OBJC_WEAK = YES;
				CLANG_WARN_BLOCK_CAPTURE_AUTORELEASING = YES;
				CLANG_WARN_BOOL_CONVERSION = YES;
				CLANG_WARN_COMMA = YES;
				CLANG_WARN_CONSTANT_CONVERSION = YES;
				CLANG_WARN_DEPRECATED_OBJC_IMPLEMENTATIONS = YES;
				CLANG_WARN_DIRECT_OBJC_ISA_USAGE = YES_ERROR;
				CLANG_WARN_DOCUMENTATION_COMMENTS = YES;
				CLANG_WARN_EMPTY_BODY = YES;
				CLANG_WARN_ENUM_CONVERSION = YES;
				CLANG_WARN_INFINITE_RECURSION = YES;
				CLANG_WARN_INT_CONVERSION = YES;
				CLANG_WARN_NON_LITERAL_NULL_CONVERSION = YES;
				CLANG_WARN_OBJC_IMPLICIT_RETAIN_SELF = YES;
				CLANG_WARN_OBJC_LITERAL_CONVERSION = YES;
				CLANG_WARN_OBJC_ROOT_CLASS = YES_ERROR;
				CLANG_WARN_RANGE_LOOP_ANALYSIS = YES;
				CLANG_WARN_STRICT_PROTOTYPES = YES;
				CLANG_WARN_SUSPICIOUS_MOVE = YES;
				CLANG_WARN_UNGUARDED_AVAILABILITY = YES_AGGRESSIVE;
				CLANG_WARN_UNREACHABLE_CODE = YES;
				CLANG_WARN__DUPLICATE_METHOD_MATCH = YES;
				CODE_SIGN_IDENTITY = "iPhone Developer";
				COPY_PHASE_STRIP = NO;
				DEBUG_INFORMATION_FORMAT = "dwarf-with-dsym";
				ENABLE_NS_ASSERTIONS = NO;
				ENABLE_STRICT_OBJC_MSGSEND = YES;
				GCC_C_LANGUAGE_STANDARD = gnu11;
				GCC_NO_COMMON_BLOCKS = YES;
				GCC_WARN_64_TO_32_BIT_CONVERSION = YES;
				GCC_WARN_ABOUT_RETURN_TYPE = YES_ERROR;
				GCC_WARN_UNDECLARED_SELECTOR = YES;
				GCC_WARN_UNINITIALIZED_AUTOS = YES_AGGRESSIVE;
				GCC_WARN_UNUSED_FUNCTION = YES;
				GCC_WARN_UNUSED_VARIABLE = YES;
				IPHONEOS_DEPLOYMENT_TARGET = 12.1;
				MTL_ENABLE_DEBUG_INFO = NO;
				MTL_FAST_MATH = YES;
				SDKROOT = iphoneos;
				SWIFT_COMPILATION_MODE = wholemodule;
				SWIFT_OPTIMIZATION_LEVEL = "-O";
				VALIDATE_PRODUCT = YES;
			};
			name = Release;
		};
		DD52233821BF8C2C00B69FD3 /* Debug */ = {
			isa = XCBuildConfiguration;
			baseConfigurationReference = 5F904006160308021A5F13B0 /* Pods-KYDrawerControllerSample.debug.xcconfig */;
			buildSettings = {
				ASSETCATALOG_COMPILER_APPICON_NAME = AppIcon;
				CODE_SIGN_STYLE = Automatic;
				INFOPLIST_FILE = KYDrawerControllerSample/Info.plist;
				LD_RUNPATH_SEARCH_PATHS = (
					"$(inherited)",
					"@executable_path/Frameworks",
				);
				PRODUCT_BUNDLE_IDENTIFIER = com.androidragger.KYDrawerControllerSample;
				PRODUCT_NAME = "$(TARGET_NAME)";
				SWIFT_VERSION = 4.2;
				TARGETED_DEVICE_FAMILY = "1,2";
			};
			name = Debug;
		};
		DD52233921BF8C2C00B69FD3 /* Release */ = {
			isa = XCBuildConfiguration;
			baseConfigurationReference = DCB21C2BA35311EC48704A5E /* Pods-KYDrawerControllerSample.release.xcconfig */;
			buildSettings = {
				ASSETCATALOG_COMPILER_APPICON_NAME = AppIcon;
				CODE_SIGN_STYLE = Automatic;
				INFOPLIST_FILE = KYDrawerControllerSample/Info.plist;
				LD_RUNPATH_SEARCH_PATHS = (
					"$(inherited)",
					"@executable_path/Frameworks",
				);
				PRODUCT_BUNDLE_IDENTIFIER = com.androidragger.KYDrawerControllerSample;
				PRODUCT_NAME = "$(TARGET_NAME)";
				SWIFT_VERSION = 4.2;
				TARGETED_DEVICE_FAMILY = "1,2";
			};
			name = Release;
		};
		DD52233B21BF8C2C00B69FD3 /* Debug */ = {
			isa = XCBuildConfiguration;
			baseConfigurationReference = BB7EA815641F0441DDE3C9F0 /* Pods-KYDrawerControllerSampleTests.debug.xcconfig */;
			buildSettings = {
				ALWAYS_EMBED_SWIFT_STANDARD_LIBRARIES = YES;
				BUNDLE_LOADER = "$(TEST_HOST)";
				CODE_SIGN_STYLE = Automatic;
				INFOPLIST_FILE = KYDrawerControllerSampleTests/Info.plist;
				LD_RUNPATH_SEARCH_PATHS = (
					"$(inherited)",
					"@executable_path/Frameworks",
					"@loader_path/Frameworks",
				);
				PRODUCT_BUNDLE_IDENTIFIER = com.androidragger.KYDrawerControllerSampleTests;
				PRODUCT_NAME = "$(TARGET_NAME)";
				SWIFT_VERSION = 4.2;
				TARGETED_DEVICE_FAMILY = "1,2";
				TEST_HOST = "$(BUILT_PRODUCTS_DIR)/KYDrawerControllerSample.app/KYDrawerControllerSample";
			};
			name = Debug;
		};
		DD52233C21BF8C2C00B69FD3 /* Release */ = {
			isa = XCBuildConfiguration;
			baseConfigurationReference = 466735047946598BBD99ECD1 /* Pods-KYDrawerControllerSampleTests.release.xcconfig */;
			buildSettings = {
				ALWAYS_EMBED_SWIFT_STANDARD_LIBRARIES = YES;
				BUNDLE_LOADER = "$(TEST_HOST)";
				CODE_SIGN_STYLE = Automatic;
				INFOPLIST_FILE = KYDrawerControllerSampleTests/Info.plist;
				LD_RUNPATH_SEARCH_PATHS = (
					"$(inherited)",
					"@executable_path/Frameworks",
					"@loader_path/Frameworks",
				);
				PRODUCT_BUNDLE_IDENTIFIER = com.androidragger.KYDrawerControllerSampleTests;
				PRODUCT_NAME = "$(TARGET_NAME)";
				SWIFT_VERSION = 4.2;
				TARGETED_DEVICE_FAMILY = "1,2";
				TEST_HOST = "$(BUILT_PRODUCTS_DIR)/KYDrawerControllerSample.app/KYDrawerControllerSample";
			};
			name = Release;
		};
		DD52233E21BF8C2C00B69FD3 /* Debug */ = {
			isa = XCBuildConfiguration;
			baseConfigurationReference = A0E2CD5D064B289EB307BD9D /* Pods-KYDrawerControllerSampleUITests.debug.xcconfig */;
			buildSettings = {
				ALWAYS_EMBED_SWIFT_STANDARD_LIBRARIES = YES;
				CODE_SIGN_STYLE = Automatic;
				INFOPLIST_FILE = KYDrawerControllerSampleUITests/Info.plist;
				LD_RUNPATH_SEARCH_PATHS = (
					"$(inherited)",
					"@executable_path/Frameworks",
					"@loader_path/Frameworks",
				);
				PRODUCT_BUNDLE_IDENTIFIER = com.androidragger.KYDrawerControllerSampleUITests;
				PRODUCT_NAME = "$(TARGET_NAME)";
				SWIFT_VERSION = 4.2;
				TARGETED_DEVICE_FAMILY = "1,2";
				TEST_TARGET_NAME = KYDrawerControllerSample;
			};
			name = Debug;
		};
		DD52233F21BF8C2C00B69FD3 /* Release */ = {
			isa = XCBuildConfiguration;
			baseConfigurationReference = 109BBF964996BC9EE19F5235 /* Pods-KYDrawerControllerSampleUITests.release.xcconfig */;
			buildSettings = {
				ALWAYS_EMBED_SWIFT_STANDARD_LIBRARIES = YES;
				CODE_SIGN_STYLE = Automatic;
				INFOPLIST_FILE = KYDrawerControllerSampleUITests/Info.plist;
				LD_RUNPATH_SEARCH_PATHS = (
					"$(inherited)",
					"@executable_path/Frameworks",
					"@loader_path/Frameworks",
				);
				PRODUCT_BUNDLE_IDENTIFIER = com.androidragger.KYDrawerControllerSampleUITests;
				PRODUCT_NAME = "$(TARGET_NAME)";
				SWIFT_VERSION = 4.2;
				TARGETED_DEVICE_FAMILY = "1,2";
				TEST_TARGET_NAME = KYDrawerControllerSample;
			};
			name = Release;
		};
/* End XCBuildConfiguration section */

/* Begin XCConfigurationList section */
		DD52230A21BF8C2A00B69FD3 /* Build configuration list for PBXProject "KYDrawerControllerSample" */ = {
			isa = XCConfigurationList;
			buildConfigurations = (
				DD52233521BF8C2C00B69FD3 /* Debug */,
				DD52233621BF8C2C00B69FD3 /* Release */,
			);
			defaultConfigurationIsVisible = 0;
			defaultConfigurationName = Release;
		};
		DD52233721BF8C2C00B69FD3 /* Build configuration list for PBXNativeTarget "KYDrawerControllerSample" */ = {
			isa = XCConfigurationList;
			buildConfigurations = (
				DD52233821BF8C2C00B69FD3 /* Debug */,
				DD52233921BF8C2C00B69FD3 /* Release */,
			);
			defaultConfigurationIsVisible = 0;
			defaultConfigurationName = Release;
		};
		DD52233A21BF8C2C00B69FD3 /* Build configuration list for PBXNativeTarget "KYDrawerControllerSampleTests" */ = {
			isa = XCConfigurationList;
			buildConfigurations = (
				DD52233B21BF8C2C00B69FD3 /* Debug */,
				DD52233C21BF8C2C00B69FD3 /* Release */,
			);
			defaultConfigurationIsVisible = 0;
			defaultConfigurationName = Release;
		};
		DD52233D21BF8C2C00B69FD3 /* Build configuration list for PBXNativeTarget "KYDrawerControllerSampleUITests" */ = {
			isa = XCConfigurationList;
			buildConfigurations = (
				DD52233E21BF8C2C00B69FD3 /* Debug */,
				DD52233F21BF8C2C00B69FD3 /* Release */,
			);
			defaultConfigurationIsVisible = 0;
			defaultConfigurationName = Release;
		};
/* End XCConfigurationList section */
	};
	rootObject = DD52230721BF8C2A00B69FD3 /* Project object */;
}
